// !$*UTF8*$!
{
	archiveVersion = 1;
	classes = {
	};
	objectVersion = 50;
	objects = {

/* Begin PBXBuildFile section */
		ABC89EAA2699DCEA00876837 /* main.cpp in Sources */ = {isa = PBXBuildFile; fileRef = ABC89EA92699DCEA00876837 /* main.cpp */; };
		ABC89EB22699DCFB00876837 /* GLUT.framework in Frameworks */ = {isa = PBXBuildFile; fileRef = ABC89EB12699DCFB00876837 /* GLUT.framework */; };
		ABC89EB42699DD0000876837 /* OpenGL.framework in Frameworks */ = {isa = PBXBuildFile; fileRef = ABC89EB32699DD0000876837 /* OpenGL.framework */; };
		ABC89EB62699DD1200876837 /* libGLEW.dylib in Frameworks */ = {isa = PBXBuildFile; fileRef = ABC89EB52699DD1200876837 /* libGLEW.dylib */; };
		ABC89EB82699DD1700876837 /* libglfw.dylib in Frameworks */ = {isa = PBXBuildFile; fileRef = ABC89EB72699DD1700876837 /* libglfw.dylib */; };
		ABC89EBA2699DDAF00876837 /* glad.c in Sources */ = {isa = PBXBuildFile; fileRef = ABC89EB92699DDAF00876837 /* glad.c */; };
		ABC89EC12699DED700876837 /* Camera.cpp in Sources */ = {isa = PBXBuildFile; fileRef = ABC89EBF2699DED700876837 /* Camera.cpp */; };
/* End PBXBuildFile section */

/* Begin PBXCopyFilesBuildPhase section */
		ABC89EA42699DCEA00876837 /* CopyFiles */ = {
			isa = PBXCopyFilesBuildPhase;
			buildActionMask = 2147483647;
			dstPath = /usr/share/man/man1/;
			dstSubfolderSpec = 0;
			files = (
			);
			runOnlyForDeploymentPostprocessing = 1;
		};
/* End PBXCopyFilesBuildPhase section */

/* Begin PBXFileReference section */
		ABC89EA62699DCEA00876837 /* OpenGL_Test7_Light */ = {isa = PBXFileReference; explicitFileType = "compiled.mach-o.executable"; includeInIndex = 0; path = OpenGL_Test7_Light; sourceTree = BUILT_PRODUCTS_DIR; };
		ABC89EA92699DCEA00876837 /* main.cpp */ = {isa = PBXFileReference; lastKnownFileType = sourcecode.cpp.cpp; path = main.cpp; sourceTree = "<group>"; };
		ABC89EB12699DCFB00876837 /* GLUT.framework */ = {isa = PBXFileReference; lastKnownFileType = wrapper.framework; name = GLUT.framework; path = System/Library/Frameworks/GLUT.framework; sourceTree = SDKROOT; };
		ABC89EB32699DD0000876837 /* OpenGL.framework */ = {isa = PBXFileReference; lastKnownFileType = wrapper.framework; name = OpenGL.framework; path = System/Library/Frameworks/OpenGL.framework; sourceTree = SDKROOT; };
		ABC89EB52699DD1200876837 /* libGLEW.dylib */ = {isa = PBXFileReference; lastKnownFileType = "compiled.mach-o.dylib"; name = libGLEW.dylib; path = ../../../glew/2.2.0_1/lib/libGLEW.dylib; sourceTree = "<group>"; };
		ABC89EB72699DD1700876837 /* libglfw.dylib */ = {isa = PBXFileReference; lastKnownFileType = "compiled.mach-o.dylib"; name = libglfw.dylib; path = ../../../glfw/3.3.4/lib/libglfw.dylib; sourceTree = "<group>"; };
		ABC89EB92699DDAF00876837 /* glad.c */ = {isa = PBXFileReference; fileEncoding = 4; lastKnownFileType = sourcecode.c.c; name = glad.c; path = ../../../../glad/src/glad.c; sourceTree = "<group>"; };
		ABC89EBD2699DE9300876837 /* Shader.h */ = {isa = PBXFileReference; lastKnownFileType = sourcecode.c.h; path = Shader.h; sourceTree = "<group>"; };
		ABC89EBE2699DEAC00876837 /* stb_image.h */ = {isa = PBXFileReference; lastKnownFileType = sourcecode.c.h; path = stb_image.h; sourceTree = "<group>"; };
		ABC89EBF2699DED700876837 /* Camera.cpp */ = {isa = PBXFileReference; lastKnownFileType = sourcecode.cpp.cpp; path = Camera.cpp; sourceTree = "<group>"; };
		ABC89EC02699DED700876837 /* Camera.hpp */ = {isa = PBXFileReference; lastKnownFileType = sourcecode.cpp.h; path = Camera.hpp; sourceTree = "<group>"; };
		ABC89EC32699DF8A00876837 /* vertexShader.cpp */ = {isa = PBXFileReference; lastKnownFileType = sourcecode.cpp.cpp; path = vertexShader.cpp; sourceTree = "<group>"; };
		ABC89EC42699DF8A00876837 /* fragmentShader.cpp */ = {isa = PBXFileReference; lastKnownFileType = sourcecode.cpp.cpp; path = fragmentShader.cpp; sourceTree = "<group>"; };
		ABC89EC62699E6A400876837 /* LightVertexShader.cpp */ = {isa = PBXFileReference; lastKnownFileType = sourcecode.cpp.cpp; path = LightVertexShader.cpp; sourceTree = "<group>"; };
		ABC89EC72699E6C600876837 /* LightFragmentShader.cpp */ = {isa = PBXFileReference; lastKnownFileType = sourcecode.cpp.cpp; path = LightFragmentShader.cpp; sourceTree = "<group>"; };
		ABC89EC92699EE7100876837 /* LampVertexShader.cpp */ = {isa = PBXFileReference; lastKnownFileType = sourcecode.cpp.cpp; path = LampVertexShader.cpp; sourceTree = "<group>"; };
		ABC89ECA2699EE7100876837 /* LampFragmentShader.cpp */ = {isa = PBXFileReference; lastKnownFileType = sourcecode.cpp.cpp; path = LampFragmentShader.cpp; sourceTree = "<group>"; };
/* End PBXFileReference section */

/* Begin PBXFrameworksBuildPhase section */
		ABC89EA32699DCEA00876837 /* Frameworks */ = {
			isa = PBXFrameworksBuildPhase;
			buildActionMask = 2147483647;
			files = (
				ABC89EB82699DD1700876837 /* libglfw.dylib in Frameworks */,
				ABC89EB42699DD0000876837 /* OpenGL.framework in Frameworks */,
				ABC89EB22699DCFB00876837 /* GLUT.framework in Frameworks */,
				ABC89EB62699DD1200876837 /* libGLEW.dylib in Frameworks */,
			);
			runOnlyForDeploymentPostprocessing = 0;
		};
/* End PBXFrameworksBuildPhase section */

/* Begin PBXGroup section */
		ABC89E9D2699DCEA00876837 = {
			isa = PBXGroup;
			children = (
				ABC89EA82699DCEA00876837 /* OpenGL_Test7_Light */,
				ABC89EA72699DCEA00876837 /* Products */,
				ABC89EB02699DCFB00876837 /* Frameworks */,
			);
			sourceTree = "<group>";
		};
		ABC89EA72699DCEA00876837 /* Products */ = {
			isa = PBXGroup;
			children = (
				ABC89EA62699DCEA00876837 /* OpenGL_Test7_Light */,
			);
			name = Products;
			sourceTree = "<group>";
		};
		ABC89EA82699DCEA00876837 /* OpenGL_Test7_Light */ = {
			isa = PBXGroup;
			children = (
				ABC89EC82699EE7100876837 /* LampShader */,
				ABC89EC52699E65C00876837 /* LightShader */,
				ABC89EC22699DF8A00876837 /* Shader */,
				ABC89EB92699DDAF00876837 /* glad.c */,
				ABC89EA92699DCEA00876837 /* main.cpp */,
				ABC89EBD2699DE9300876837 /* Shader.h */,
				ABC89EBE2699DEAC00876837 /* stb_image.h */,
				ABC89EBF2699DED700876837 /* Camera.cpp */,
				ABC89EC02699DED700876837 /* Camera.hpp */,
			);
			path = OpenGL_Test7_Light;
			sourceTree = "<group>";
		};
		ABC89EB02699DCFB00876837 /* Frameworks */ = {
			isa = PBXGroup;
			children = (
				ABC89EB72699DD1700876837 /* libglfw.dylib */,
				ABC89EB52699DD1200876837 /* libGLEW.dylib */,
				ABC89EB32699DD0000876837 /* OpenGL.framework */,
				ABC89EB12699DCFB00876837 /* GLUT.framework */,
			);
			name = Frameworks;
			sourceTree = "<group>";
		};
		ABC89EC22699DF8A00876837 /* Shader */ = {
			isa = PBXGroup;
			children = (
				ABC89EC32699DF8A00876837 /* vertexShader.cpp */,
				ABC89EC42699DF8A00876837 /* fragmentShader.cpp */,
			);
			path = Shader;
			sourceTree = "<group>";
		};
		ABC89EC52699E65C00876837 /* LightShader */ = {
			isa = PBXGroup;
			children = (
				ABC89EC62699E6A400876837 /* LightVertexShader.cpp */,
				ABC89EC72699E6C600876837 /* LightFragmentShader.cpp */,
			);
			path = LightShader;
			sourceTree = "<group>";
		};
		ABC89EC82699EE7100876837 /* LampShader */ = {
			isa = PBXGroup;
			children = (
				ABC89EC92699EE7100876837 /* LampVertexShader.cpp */,
				ABC89ECA2699EE7100876837 /* LampFragmentShader.cpp */,
			);
			path = LampShader;
			sourceTree = "<group>";
		};
/* End PBXGroup section */

/* Begin PBXNativeTarget section */
		ABC89EA52699DCEA00876837 /* OpenGL_Test7_Light */ = {
			isa = PBXNativeTarget;
			buildConfigurationList = ABC89EAD2699DCEA00876837 /* Build configuration list for PBXNativeTarget "OpenGL_Test7_Light" */;
			buildPhases = (
				ABC89EA22699DCEA00876837 /* Sources */,
				ABC89EA32699DCEA00876837 /* Frameworks */,
				ABC89EA42699DCEA00876837 /* CopyFiles */,
			);
			buildRules = (
			);
			dependencies = (
			);
			name = OpenGL_Test7_Light;
			productName = OpenGL_Test7_Light;
			productReference = ABC89EA62699DCEA00876837 /* OpenGL_Test7_Light */;
			productType = "com.apple.product-type.tool";
		};
/* End PBXNativeTarget section */

/* Begin PBXProject section */
		ABC89E9E2699DCEA00876837 /* Project object */ = {
			isa = PBXProject;
			attributes = {
				LastUpgradeCheck = 1250;
				TargetAttributes = {
					ABC89EA52699DCEA00876837 = {
						CreatedOnToolsVersion = 12.5.1;
					};
				};
			};
			buildConfigurationList = ABC89EA12699DCEA00876837 /* Build configuration list for PBXProject "OpenGL_Test7_Light" */;
			compatibilityVersion = "Xcode 9.3";
			developmentRegion = en;
			hasScannedForEncodings = 0;
			knownRegions = (
				en,
				Base,
			);
			mainGroup = ABC89E9D2699DCEA00876837;
			productRefGroup = ABC89EA72699DCEA00876837 /* Products */;
			projectDirPath = "";
			projectRoot = "";
			targets = (
				ABC89EA52699DCEA00876837 /* OpenGL_Test7_Light */,
			);
		};
/* End PBXProject section */

/* Begin PBXSourcesBuildPhase section */
		ABC89EA22699DCEA00876837 /* Sources */ = {
			isa = PBXSourcesBuildPhase;
			buildActionMask = 2147483647;
			files = (
				ABC89EAA2699DCEA00876837 /* main.cpp in Sources */,
				ABC89EC12699DED700876837 /* Camera.cpp in Sources */,
				ABC89EBA2699DDAF00876837 /* glad.c in Sources */,
			);
			runOnlyForDeploymentPostprocessing = 0;
		};
/* End PBXSourcesBuildPhase section */

/* Begin XCBuildConfiguration section */
		ABC89EAB2699DCEA00876837 /* Debug */ = {
			isa = XCBuildConfiguration;
			buildSettings = {
				ALWAYS_SEARCH_USER_PATHS = NO;
				CLANG_ANALYZER_NONNULL = YES;
				CLANG_ANALYZER_NUMBER_OBJECT_CONVERSION = YES_AGGRESSIVE;
				CLANG_CXX_LANGUAGE_STANDARD = "gnu++14";
				CLANG_CXX_LIBRARY = "libc++";
				CLANG_ENABLE_MODULES = YES;
				CLANG_ENABLE_OBJC_ARC = YES;
				CLANG_ENABLE_OBJC_WEAK = YES;
				CLANG_WARN_BLOCK_CAPTURE_AUTORELEASING = YES;
				CLANG_WARN_BOOL_CONVERSION = YES;
				CLANG_WARN_COMMA = YES;
				CLANG_WARN_CONSTANT_CONVERSION = YES;
				CLANG_WARN_DEPRECATED_OBJC_IMPLEMENTATIONS = YES;
				CLANG_WARN_DIRECT_OBJC_ISA_USAGE = YES_ERROR;
				CLANG_WARN_DOCUMENTATION_COMMENTS = YES;
				CLANG_WARN_EMPTY_BODY = YES;
				CLANG_WARN_ENUM_CONVERSION = YES;
				CLANG_WARN_INFINITE_RECURSION = YES;
				CLANG_WARN_INT_CONVERSION = YES;
				CLANG_WARN_NON_LITERAL_NULL_CONVERSION = YES;
				CLANG_WARN_OBJC_IMPLICIT_RETAIN_SELF = YES;
				CLANG_WARN_OBJC_LITERAL_CONVERSION = YES;
				CLANG_WARN_OBJC_ROOT_CLASS = YES_ERROR;
				CLANG_WARN_QUOTED_INCLUDE_IN_FRAMEWORK_HEADER = YES;
				CLANG_WARN_RANGE_LOOP_ANALYSIS = YES;
				CLANG_WARN_STRICT_PROTOTYPES = YES;
				CLANG_WARN_SUSPICIOUS_MOVE = YES;
				CLANG_WARN_UNGUARDED_AVAILABILITY = YES_AGGRESSIVE;
				CLANG_WARN_UNREACHABLE_CODE = YES;
				CLANG_WARN__DUPLICATE_METHOD_MATCH = YES;
				COPY_PHASE_STRIP = NO;
				DEBUG_INFORMATION_FORMAT = dwarf;
				ENABLE_STRICT_OBJC_MSGSEND = YES;
				ENABLE_TESTABILITY = YES;
				GCC_C_LANGUAGE_STANDARD = gnu11;
				GCC_DYNAMIC_NO_PIC = NO;
				GCC_NO_COMMON_BLOCKS = YES;
				GCC_OPTIMIZATION_LEVEL = 0;
				GCC_PREPROCESSOR_DEFINITIONS = (
					"DEBUG=1",
					"$(inherited)",
				);
				GCC_WARN_64_TO_32_BIT_CONVERSION = YES;
				GCC_WARN_ABOUT_RETURN_TYPE = YES_ERROR;
				GCC_WARN_UNDECLARED_SELECTOR = YES;
				GCC_WARN_UNINITIALIZED_AUTOS = YES_AGGRESSIVE;
				GCC_WARN_UNUSED_FUNCTION = YES;
				GCC_WARN_UNUSED_VARIABLE = YES;
				MACOSX_DEPLOYMENT_TARGET = 11.3;
				MTL_ENABLE_DEBUG_INFO = INCLUDE_SOURCE;
				MTL_FAST_MATH = YES;
				ONLY_ACTIVE_ARCH = YES;
				SDKROOT = macosx;
			};
			name = Debug;
		};
		ABC89EAC2699DCEA00876837 /* Release */ = {
			isa = XCBuildConfiguration;
			buildSettings = {
				ALWAYS_SEARCH_USER_PATHS = NO;
				CLANG_ANALYZER_NONNULL = YES;
				CLANG_ANALYZER_NUMBER_OBJECT_CONVERSION = YES_AGGRESSIVE;
				CLANG_CXX_LANGUAGE_STANDARD = "gnu++14";
				CLANG_CXX_LIBRARY = "libc++";
				CLANG_ENABLE_MODULES = YES;
				CLANG_ENABLE_OBJC_ARC = YES;
				CLANG_ENABLE_OBJC_WEAK = YES;
				CLANG_WARN_BLOCK_CAPTURE_AUTORELEASING = YES;
				CLANG_WARN_BOOL_CONVERSION = YES;
				CLANG_WARN_COMMA = YES;
				CLANG_WARN_CONSTANT_CONVERSION = YES;
				CLANG_WARN_DEPRECATED_OBJC_IMPLEMENTATIONS = YES;
				CLANG_WARN_DIRECT_OBJC_ISA_USAGE = YES_ERROR;
				CLANG_WARN_DOCUMENTATION_COMMENTS = YES;
				CLANG_WARN_EMPTY_BODY = YES;
				CLANG_WARN_ENUM_CONVERSION = YES;
				CLANG_WARN_INFINITE_RECURSION = YES;
				CLANG_WARN_INT_CONVERSION = YES;
				CLANG_WARN_NON_LITERAL_NULL_CONVERSION = YES;
				CLANG_WARN_OBJC_IMPLICIT_RETAIN_SELF = YES;
				CLANG_WARN_OBJC_LITERAL_CONVERSION = YES;
				CLANG_WARN_OBJC_ROOT_CLASS = YES_ERROR;
				CLANG_WARN_QUOTED_INCLUDE_IN_FRAMEWORK_HEADER = YES;
				CLANG_WARN_RANGE_LOOP_ANALYSIS = YES;
				CLANG_WARN_STRICT_PROTOTYPES = YES;
				CLANG_WARN_SUSPICIOUS_MOVE = YES;
				CLANG_WARN_UNGUARDED_AVAILABILITY = YES_AGGRESSIVE;
				CLANG_WARN_UNREACHABLE_CODE = YES;
				CLANG_WARN__DUPLICATE_METHOD_MATCH = YES;
				COPY_PHASE_STRIP = NO;
				DEBUG_INFORMATION_FORMAT = "dwarf-with-dsym";
				ENABLE_NS_ASSERTIONS = NO;
				ENABLE_STRICT_OBJC_MSGSEND = YES;
				GCC_C_LANGUAGE_STANDARD = gnu11;
				GCC_NO_COMMON_BLOCKS = YES;
				GCC_WARN_64_TO_32_BIT_CONVERSION = YES;
				GCC_WARN_ABOUT_RETURN_TYPE = YES_ERROR;
				GCC_WARN_UNDECLARED_SELECTOR = YES;
				GCC_WARN_UNINITIALIZED_AUTOS = YES_AGGRESSIVE;
				GCC_WARN_UNUSED_FUNCTION = YES;
				GCC_WARN_UNUSED_VARIABLE = YES;
				MACOSX_DEPLOYMENT_TARGET = 11.3;
				MTL_ENABLE_DEBUG_INFO = NO;
				MTL_FAST_MATH = YES;
				SDKROOT = macosx;
			};
			name = Release;
		};
		ABC89EAE2699DCEA00876837 /* Debug */ = {
			isa = XCBuildConfiguration;
			buildSettings = {
				CODE_SIGN_STYLE = Automatic;
				HEADER_SEARCH_PATHS = (
					"\"$(SRCROOT)/../../../glad/include\"",
					"\"$(SRCROOT)/../../../glew/2.2.0_1/include\"",
					"\"$(SRCROOT)/../../../glfw/3.3.4/include\"",
					"\"$(SRCROOT)/../../../glm/0.9.9.8/include\"",
				);
				LIBRARY_SEARCH_PATHS = (
					"\"$(SRCROOT)/../../../glew/2.2.0_1/lib\"",
					"\"$(SRCROOT)/../../../glfw/3.3.4/lib\"",
				);
				PRODUCT_NAME = "$(TARGET_NAME)";
			};
			name = Debug;
		};
		ABC89EAF2699DCEA00876837 /* Release */ = {
			isa = XCBuildConfiguration;
			buildSettings = {
				CODE_SIGN_STYLE = Automatic;
				HEADER_SEARCH_PATHS = (
					"\"$(SRCROOT)/../../../glad/include\"",
					"\"$(SRCROOT)/../../../glew/2.2.0_1/include\"",
					"\"$(SRCROOT)/../../../glfw/3.3.4/include\"",
					"\"$(SRCROOT)/../../../glm/0.9.9.8/include\"",
				);
				LIBRARY_SEARCH_PATHS = (
					"\"$(SRCROOT)/../../../glew/2.2.0_1/lib\"",
					"\"$(SRCROOT)/../../../glfw/3.3.4/lib\"",
				);
				PRODUCT_NAME = "$(TARGET_NAME)";
			};
			name = Release;
		};
/* End XCBuildConfiguration section */

/* Begin XCConfigurationList section */
		ABC89EA12699DCEA00876837 /* Build configuration list for PBXProject "OpenGL_Test7_Light" */ = {
			isa = XCConfigurationList;
			buildConfigurations = (
				ABC89EAB2699DCEA00876837 /* Debug */,
				ABC89EAC2699DCEA00876837 /* Release */,
			);
			defaultConfigurationIsVisible = 0;
			defaultConfigurationName = Release;
		};
		ABC89EAD2699DCEA00876837 /* Build configuration list for PBXNativeTarget "OpenGL_Test7_Light" */ = {
			isa = XCConfigurationList;
			buildConfigurations = (
				ABC89EAE2699DCEA00876837 /* Debug */,
				ABC89EAF2699DCEA00876837 /* Release */,
			);
			defaultConfigurationIsVisible = 0;
			defaultConfigurationName = Release;
		};
/* End XCConfigurationList section */
	};
	rootObject = ABC89E9E2699DCEA00876837 /* Project object */;
}
